
Microsoft Visual Studio Solution File, Format Version 12.00
# Visual Studio Version 17
VisualStudioVersion = 17.5.33516.290
MinimumVisualStudioVersion = 10.0.40219.1
Project("{FAE04EC0-301F-11D3-BF4B-00C04F79EFBC}") = "RM.Dicionario", "Informativus.Plugins\RM.Dicionario\RM.Dicionario.csproj", "{33E72457-897F-4CEA-BF9E-B9545AC11EDB}"
EndProject
Global
	GlobalSection(SolutionConfigurationPlatforms) = preSolution
		Debug|Any CPU = Debug|Any CPU
		Release|Any CPU = Release|Any CPU
	EndGlobalSection
	GlobalSection(ProjectConfigurationPlatforms) = postSolution
		{33E72457-897F-4CEA-BF9E-B9545AC11EDB}.Debug|Any CPU.ActiveCfg = Debug|Any CPU
		{33E72457-897F-4CEA-BF9E-B9545AC11EDB}.Debug|Any CPU.Build.0 = Debug|Any CPU
		{33E72457-897F-4CEA-BF9E-B9545AC11EDB}.Release|Any CPU.ActiveCfg = Release|Any CPU
		{33E72457-897F-4CEA-BF9E-B9545AC11EDB}.Release|Any CPU.Build.0 = Release|Any CPU
	EndGlobalSection
	GlobalSection(SolutionProperties) = preSolution
		HideSolutionNode = FALSE
	EndGlobalSection
	GlobalSection(ExtensibilityGlobals) = postSolution
		SolutionGuid = {46F07CB2-5D0F-4970-80CC-C5C6A49D3313}
	EndGlobalSection
EndGlobal
